<Solution>
  <Folder Name="/Solution Items/">
    <File Path=".gitignore" />
  </Folder>
  <Folder Name="/src/">
    <Project Path="src/PTL.Api/PTL.Api.csproj" />
    <Project Path="src/PTL.InternalWeb/PTL.InternalWeb.csproj" />
    <Project Path="src/PTL.ExternalWeb/PTL.ExternalWeb.csproj" />
  </Folder>
</Solution>
